// !$*UTF8*$!
{
	archiveVersion = 1;
	classes = {
	};
	objectVersion = 50;
	objects = {

/* Begin PBXBuildFile section */
		F9CC58EF26E07B0A00838679 /* MyTableViewCell.swift in Sources */ = {isa = PBXBuildFile; fileRef = F9CC58ED26E07B0A00838679 /* MyTableViewCell.swift */; };
		F9CC58F026E07B0A00838679 /* MyTableViewCell.xib in Resources */ = {isa = PBXBuildFile; fileRef = F9CC58EE26E07B0A00838679 /* MyTableViewCell.xib */; };
		F9CC58F226E0832500838679 /* Model.swift in Sources */ = {isa = PBXBuildFile; fileRef = F9CC58F126E0832500838679 /* Model.swift */; };
		F9CC58F526E09A9A00838679 /* MyCollectionViewCell.swift in Sources */ = {isa = PBXBuildFile; fileRef = F9CC58F326E09A9A00838679 /* MyCollectionViewCell.swift */; };
		F9CC58F626E09A9A00838679 /* MyCollectionViewCell.xib in Resources */ = {isa = PBXBuildFile; fileRef = F9CC58F426E09A9A00838679 /* MyCollectionViewCell.xib */; };
		F9D9497526DDFD120028A5D4 /* AppDelegate.swift in Sources */ = {isa = PBXBuildFile; fileRef = F9D9497426DDFD120028A5D4 /* AppDelegate.swift */; };
		F9D9497726DDFD120028A5D4 /* SceneDelegate.swift in Sources */ = {isa = PBXBuildFile; fileRef = F9D9497626DDFD120028A5D4 /* SceneDelegate.swift */; };
		F9D9497926DDFD120028A5D4 /* ViewController.swift in Sources */ = {isa = PBXBuildFile; fileRef = F9D9497826DDFD120028A5D4 /* ViewController.swift */; };
		F9D9497C26DDFD120028A5D4 /* Main.storyboard in Resources */ = {isa = PBXBuildFile; fileRef = F9D9497A26DDFD120028A5D4 /* Main.storyboard */; };
		F9D9497E26DDFD120028A5D4 /* Assets.xcassets in Resources */ = {isa = PBXBuildFile; fileRef = F9D9497D26DDFD120028A5D4 /* Assets.xcassets */; };
		F9D9498126DDFD120028A5D4 /* LaunchScreen.storyboard in Resources */ = {isa = PBXBuildFile; fileRef = F9D9497F26DDFD120028A5D4 /* LaunchScreen.storyboard */; };
		F9D9498926DE1A9F0028A5D4 /* CarViewController.swift in Sources */ = {isa = PBXBuildFile; fileRef = F9D9498826DE1A9F0028A5D4 /* CarViewController.swift */; };
		F9D9498B26DE29430028A5D4 /* BikeViewController.swift in Sources */ = {isa = PBXBuildFile; fileRef = F9D9498A26DE29430028A5D4 /* BikeViewController.swift */; };
		F9D9498D26DE29930028A5D4 /* AeroplaneViewController.swift in Sources */ = {isa = PBXBuildFile; fileRef = F9D9498C26DE29930028A5D4 /* AeroplaneViewController.swift */; };
/* End PBXBuildFile section */

/* Begin PBXFileReference section */
		F9CC58ED26E07B0A00838679 /* MyTableViewCell.swift */ = {isa = PBXFileReference; lastKnownFileType = sourcecode.swift; path = MyTableViewCell.swift; sourceTree = "<group>"; };
		F9CC58EE26E07B0A00838679 /* MyTableViewCell.xib */ = {isa = PBXFileReference; lastKnownFileType = file.xib; path = MyTableViewCell.xib; sourceTree = "<group>"; };
		F9CC58F126E0832500838679 /* Model.swift */ = {isa = PBXFileReference; lastKnownFileType = sourcecode.swift; path = Model.swift; sourceTree = "<group>"; };
		F9CC58F326E09A9A00838679 /* MyCollectionViewCell.swift */ = {isa = PBXFileReference; lastKnownFileType = sourcecode.swift; path = MyCollectionViewCell.swift; sourceTree = "<group>"; };
		F9CC58F426E09A9A00838679 /* MyCollectionViewCell.xib */ = {isa = PBXFileReference; lastKnownFileType = file.xib; path = MyCollectionViewCell.xib; sourceTree = "<group>"; };
		F9D9497126DDFD120028A5D4 /* CollectionViewDemoApp.app */ = {isa = PBXFileReference; explicitFileType = wrapper.application; includeInIndex = 0; path = CollectionViewDemoApp.app; sourceTree = BUILT_PRODUCTS_DIR; };
		F9D9497426DDFD120028A5D4 /* AppDelegate.swift */ = {isa = PBXFileReference; lastKnownFileType = sourcecode.swift; path = AppDelegate.swift; sourceTree = "<group>"; };
		F9D9497626DDFD120028A5D4 /* SceneDelegate.swift */ = {isa = PBXFileReference; lastKnownFileType = sourcecode.swift; path = SceneDelegate.swift; sourceTree = "<group>"; };
		F9D9497826DDFD120028A5D4 /* ViewController.swift */ = {isa = PBXFileReference; lastKnownFileType = sourcecode.swift; path = ViewController.swift; sourceTree = "<group>"; };
		F9D9497B26DDFD120028A5D4 /* Base */ = {isa = PBXFileReference; lastKnownFileType = file.storyboard; name = Base; path = Base.lproj/Main.storyboard; sourceTree = "<group>"; };
		F9D9497D26DDFD120028A5D4 /* Assets.xcassets */ = {isa = PBXFileReference; lastKnownFileType = folder.assetcatalog; path = Assets.xcassets; sourceTree = "<group>"; };
		F9D9498026DDFD120028A5D4 /* Base */ = {isa = PBXFileReference; lastKnownFileType = file.storyboard; name = Base; path = Base.lproj/LaunchScreen.storyboard; sourceTree = "<group>"; };
		F9D9498226DDFD120028A5D4 /* Info.plist */ = {isa = PBXFileReference; lastKnownFileType = text.plist.xml; path = Info.plist; sourceTree = "<group>"; };
		F9D9498826DE1A9F0028A5D4 /* CarViewController.swift */ = {isa = PBXFileReference; lastKnownFileType = sourcecode.swift; path = CarViewController.swift; sourceTree = "<group>"; };
		F9D9498A26DE29430028A5D4 /* BikeViewController.swift */ = {isa = PBXFileReference; lastKnownFileType = sourcecode.swift; path = BikeViewController.swift; sourceTree = "<group>"; };
		F9D9498C26DE29930028A5D4 /* AeroplaneViewController.swift */ = {isa = PBXFileReference; lastKnownFileType = sourcecode.swift; path = AeroplaneViewController.swift; sourceTree = "<group>"; };
/* End PBXFileReference section */

/* Begin PBXFrameworksBuildPhase section */
		F9D9496E26DDFD120028A5D4 /* Frameworks */ = {
			isa = PBXFrameworksBuildPhase;
			buildActionMask = 2147483647;
			files = (
			);
			runOnlyForDeploymentPostprocessing = 0;
		};
/* End PBXFrameworksBuildPhase section */

/* Begin PBXGroup section */
		F9D9496826DDFD120028A5D4 = {
			isa = PBXGroup;
			children = (
				F9D9497326DDFD120028A5D4 /* CollectionViewDemoApp */,
				F9D9497226DDFD120028A5D4 /* Products */,
			);
			sourceTree = "<group>";
		};
		F9D9497226DDFD120028A5D4 /* Products */ = {
			isa = PBXGroup;
			children = (
				F9D9497126DDFD120028A5D4 /* CollectionViewDemoApp.app */,
			);
			name = Products;
			sourceTree = "<group>";
		};
		F9D9497326DDFD120028A5D4 /* CollectionViewDemoApp */ = {
			isa = PBXGroup;
			children = (
				F9D9497426DDFD120028A5D4 /* AppDelegate.swift */,
				F9D9497626DDFD120028A5D4 /* SceneDelegate.swift */,
				F9D9497826DDFD120028A5D4 /* ViewController.swift */,
				F9D9497A26DDFD120028A5D4 /* Main.storyboard */,
				F9D9497D26DDFD120028A5D4 /* Assets.xcassets */,
				F9D9497F26DDFD120028A5D4 /* LaunchScreen.storyboard */,
				F9D9498226DDFD120028A5D4 /* Info.plist */,
				F9D9498826DE1A9F0028A5D4 /* CarViewController.swift */,
				F9D9498A26DE29430028A5D4 /* BikeViewController.swift */,
				F9D9498C26DE29930028A5D4 /* AeroplaneViewController.swift */,
				F9CC58ED26E07B0A00838679 /* MyTableViewCell.swift */,
				F9CC58EE26E07B0A00838679 /* MyTableViewCell.xib */,
				F9CC58F126E0832500838679 /* Model.swift */,
				F9CC58F326E09A9A00838679 /* MyCollectionViewCell.swift */,
				F9CC58F426E09A9A00838679 /* MyCollectionViewCell.xib */,
			);
			path = CollectionViewDemoApp;
			sourceTree = "<group>";
		};
/* End PBXGroup section */

/* Begin PBXNativeTarget section */
		F9D9497026DDFD120028A5D4 /* CollectionViewDemoApp */ = {
			isa = PBXNativeTarget;
			buildConfigurationList = F9D9498526DDFD120028A5D4 /* Build configuration list for PBXNativeTarget "CollectionViewDemoApp" */;
			buildPhases = (
				F9D9496D26DDFD120028A5D4 /* Sources */,
				F9D9496E26DDFD120028A5D4 /* Frameworks */,
				F9D9496F26DDFD120028A5D4 /* Resources */,
			);
			buildRules = (
			);
			dependencies = (
			);
			name = CollectionViewDemoApp;
			productName = CollectionViewDemoApp;
			productReference = F9D9497126DDFD120028A5D4 /* CollectionViewDemoApp.app */;
			productType = "com.apple.product-type.application";
		};
/* End PBXNativeTarget section */

/* Begin PBXProject section */
		F9D9496926DDFD120028A5D4 /* Project object */ = {
			isa = PBXProject;
			attributes = {
				LastSwiftUpdateCheck = 1250;
				LastUpgradeCheck = 1250;
				TargetAttributes = {
					F9D9497026DDFD120028A5D4 = {
						CreatedOnToolsVersion = 12.5.1;
					};
				};
			};
			buildConfigurationList = F9D9496C26DDFD120028A5D4 /* Build configuration list for PBXProject "CollectionViewDemoApp" */;
			compatibilityVersion = "Xcode 9.3";
			developmentRegion = en;
			hasScannedForEncodings = 0;
			knownRegions = (
				en,
				Base,
			);
			mainGroup = F9D9496826DDFD120028A5D4;
			productRefGroup = F9D9497226DDFD120028A5D4 /* Products */;
			projectDirPath = "";
			projectRoot = "";
			targets = (
				F9D9497026DDFD120028A5D4 /* CollectionViewDemoApp */,
			);
		};
/* End PBXProject section */

/* Begin PBXResourcesBuildPhase section */
		F9D9496F26DDFD120028A5D4 /* Resources */ = {
			isa = PBXResourcesBuildPhase;
			buildActionMask = 2147483647;
			files = (
				F9CC58F626E09A9A00838679 /* MyCollectionViewCell.xib in Resources */,
				F9D9498126DDFD120028A5D4 /* LaunchScreen.storyboard in Resources */,
				F9CC58F026E07B0A00838679 /* MyTableViewCell.xib in Resources */,
				F9D9497E26DDFD120028A5D4 /* Assets.xcassets in Resources */,
				F9D9497C26DDFD120028A5D4 /* Main.storyboard in Resources */,
			);
			runOnlyForDeploymentPostprocessing = 0;
		};
/* End PBXResourcesBuildPhase section */

/* Begin PBXSourcesBuildPhase section */
		F9D9496D26DDFD120028A5D4 /* Sources */ = {
			isa = PBXSourcesBuildPhase;
			buildActionMask = 2147483647;
			files = (
				F9CC58EF26E07B0A00838679 /* MyTableViewCell.swift in Sources */,
				F9D9497926DDFD120028A5D4 /* ViewController.swift in Sources */,
				F9CC58F526E09A9A00838679 /* MyCollectionViewCell.swift in Sources */,
				F9D9497526DDFD120028A5D4 /* AppDelegate.swift in Sources */,
				F9D9498D26DE29930028A5D4 /* AeroplaneViewController.swift in Sources */,
				F9D9498B26DE29430028A5D4 /* BikeViewController.swift in Sources */,
				F9D9497726DDFD120028A5D4 /* SceneDelegate.swift in Sources */,
				F9D9498926DE1A9F0028A5D4 /* CarViewController.swift in Sources */,
				F9CC58F226E0832500838679 /* Model.swift in Sources */,
			);
			runOnlyForDeploymentPostprocessing = 0;
		};
/* End PBXSourcesBuildPhase section */

/* Begin PBXVariantGroup section */
		F9D9497A26DDFD120028A5D4 /* Main.storyboard */ = {
			isa = PBXVariantGroup;
			children = (
				F9D9497B26DDFD120028A5D4 /* Base */,
			);
			name = Main.storyboard;
			sourceTree = "<group>";
		};
		F9D9497F26DDFD120028A5D4 /* LaunchScreen.storyboard */ = {
			isa = PBXVariantGroup;
			children = (
				F9D9498026DDFD120028A5D4 /* Base */,
			);
			name = LaunchScreen.storyboard;
			sourceTree = "<group>";
		};
/* End PBXVariantGroup section */

/* Begin XCBuildConfiguration section */
		F9D9498326DDFD120028A5D4 /* Debug */ = {
			isa = XCBuildConfiguration;
			buildSettings = {
				ALWAYS_SEARCH_USER_PATHS = NO;
				CLANG_ANALYZER_NONNULL = YES;
				CLANG_ANALYZER_NUMBER_OBJECT_CONVERSION = YES_AGGRESSIVE;
				CLANG_CXX_LANGUAGE_STANDARD = "gnu++14";
				CLANG_CXX_LIBRARY = "libc++";
				CLANG_ENABLE_MODULES = YES;
				CLANG_ENABLE_OBJC_ARC = YES;
				CLANG_ENABLE_OBJC_WEAK = YES;
				CLANG_WARN_BLOCK_CAPTURE_AUTORELEASING = YES;
				CLANG_WARN_BOOL_CONVERSION = YES;
				CLANG_WARN_COMMA = YES;
				CLANG_WARN_CONSTANT_CONVERSION = YES;
				CLANG_WARN_DEPRECATED_OBJC_IMPLEMENTATIONS = YES;
				CLANG_WARN_DIRECT_OBJC_ISA_USAGE = YES_ERROR;
				CLANG_WARN_DOCUMENTATION_COMMENTS = YES;
				CLANG_WARN_EMPTY_BODY = YES;
				CLANG_WARN_ENUM_CONVERSION = YES;
				CLANG_WARN_INFINITE_RECURSION = YES;
				CLANG_WARN_INT_CONVERSION = YES;
				CLANG_WARN_NON_LITERAL_NULL_CONVERSION = YES;
				CLANG_WARN_OBJC_IMPLICIT_RETAIN_SELF = YES;
				CLANG_WARN_OBJC_LITERAL_CONVERSION = YES;
				CLANG_WARN_OBJC_ROOT_CLASS = YES_ERROR;
				CLANG_WARN_QUOTED_INCLUDE_IN_FRAMEWORK_HEADER = YES;
				CLANG_WARN_RANGE_LOOP_ANALYSIS = YES;
				CLANG_WARN_STRICT_PROTOTYPES = YES;
				CLANG_WARN_SUSPICIOUS_MOVE = YES;
				CLANG_WARN_UNGUARDED_AVAILABILITY = YES_AGGRESSIVE;
				CLANG_WARN_UNREACHABLE_CODE = YES;
				CLANG_WARN__DUPLICATE_METHOD_MATCH = YES;
				COPY_PHASE_STRIP = NO;
				DEBUG_INFORMATION_FORMAT = dwarf;
				ENABLE_STRICT_OBJC_MSGSEND = YES;
				ENABLE_TESTABILITY = YES;
				GCC_C_LANGUAGE_STANDARD = gnu11;
				GCC_DYNAMIC_NO_PIC = NO;
				GCC_NO_COMMON_BLOCKS = YES;
				GCC_OPTIMIZATION_LEVEL = 0;
				GCC_PREPROCESSOR_DEFINITIONS = (
					"DEBUG=1",
					"$(inherited)",
				);
				GCC_WARN_64_TO_32_BIT_CONVERSION = YES;
				GCC_WARN_ABOUT_RETURN_TYPE = YES_ERROR;
				GCC_WARN_UNDECLARED_SELECTOR = YES;
				GCC_WARN_UNINITIALIZED_AUTOS = YES_AGGRESSIVE;
				GCC_WARN_UNUSED_FUNCTION = YES;
				GCC_WARN_UNUSED_VARIABLE = YES;
				IPHONEOS_DEPLOYMENT_TARGET = 14.5;
				MTL_ENABLE_DEBUG_INFO = INCLUDE_SOURCE;
				MTL_FAST_MATH = YES;
				ONLY_ACTIVE_ARCH = YES;
				SDKROOT = iphoneos;
				SWIFT_ACTIVE_COMPILATION_CONDITIONS = DEBUG;
				SWIFT_OPTIMIZATION_LEVEL = "-Onone";
			};
			name = Debug;
		};
		F9D9498426DDFD120028A5D4 /* Release */ = {
			isa = XCBuildConfiguration;
			buildSettings = {
				ALWAYS_SEARCH_USER_PATHS = NO;
				CLANG_ANALYZER_NONNULL = YES;
				CLANG_ANALYZER_NUMBER_OBJECT_CONVERSION = YES_AGGRESSIVE;
				CLANG_CXX_LANGUAGE_STANDARD = "gnu++14";
				CLANG_CXX_LIBRARY = "libc++";
				CLANG_ENABLE_MODULES = YES;
				CLANG_ENABLE_OBJC_ARC = YES;
				CLANG_ENABLE_OBJC_WEAK = YES;
				CLANG_WARN_BLOCK_CAPTURE_AUTORELEASING = YES;
				CLANG_WARN_BOOL_CONVERSION = YES;
				CLANG_WARN_COMMA = YES;
				CLANG_WARN_CONSTANT_CONVERSION = YES;
				CLANG_WARN_DEPRECATED_OBJC_IMPLEMENTATIONS = YES;
				CLANG_WARN_DIRECT_OBJC_ISA_USAGE = YES_ERROR;
				CLANG_WARN_DOCUMENTATION_COMMENTS = YES;
				CLANG_WARN_EMPTY_BODY = YES;
				CLANG_WARN_ENUM_CONVERSION = YES;
				CLANG_WARN_INFINITE_RECURSION = YES;
				CLANG_WARN_INT_CONVERSION = YES;
				CLANG_WARN_NON_LITERAL_NULL_CONVERSION = YES;
				CLANG_WARN_OBJC_IMPLICIT_RETAIN_SELF = YES;
				CLANG_WARN_OBJC_LITERAL_CONVERSION = YES;
				CLANG_WARN_OBJC_ROOT_CLASS = YES_ERROR;
				CLANG_WARN_QUOTED_INCLUDE_IN_FRAMEWORK_HEADER = YES;
				CLANG_WARN_RANGE_LOOP_ANALYSIS = YES;
				CLANG_WARN_STRICT_PROTOTYPES = YES;
				CLANG_WARN_SUSPICIOUS_MOVE = YES;
				CLANG_WARN_UNGUARDED_AVAILABILITY = YES_AGGRESSIVE;
				CLANG_WARN_UNREACHABLE_CODE = YES;
				CLANG_WARN__DUPLICATE_METHOD_MATCH = YES;
				COPY_PHASE_STRIP = NO;
				DEBUG_INFORMATION_FORMAT = "dwarf-with-dsym";
				ENABLE_NS_ASSERTIONS = NO;
				ENABLE_STRICT_OBJC_MSGSEND = YES;
				GCC_C_LANGUAGE_STANDARD = gnu11;
				GCC_NO_COMMON_BLOCKS = YES;
				GCC_WARN_64_TO_32_BIT_CONVERSION = YES;
				GCC_WARN_ABOUT_RETURN_TYPE = YES_ERROR;
				GCC_WARN_UNDECLARED_SELECTOR = YES;
				GCC_WARN_UNINITIALIZED_AUTOS = YES_AGGRESSIVE;
				GCC_WARN_UNUSED_FUNCTION = YES;
				GCC_WARN_UNUSED_VARIABLE = YES;
				IPHONEOS_DEPLOYMENT_TARGET = 14.5;
				MTL_ENABLE_DEBUG_INFO = NO;
				MTL_FAST_MATH = YES;
				SDKROOT = iphoneos;
				SWIFT_COMPILATION_MODE = wholemodule;
				SWIFT_OPTIMIZATION_LEVEL = "-O";
				VALIDATE_PRODUCT = YES;
			};
			name = Release;
		};
		F9D9498626DDFD120028A5D4 /* Debug */ = {
			isa = XCBuildConfiguration;
			buildSettings = {
				ASSETCATALOG_COMPILER_APPICON_NAME = AppIcon;
				ASSETCATALOG_COMPILER_GLOBAL_ACCENT_COLOR_NAME = AccentColor;
				CODE_SIGN_STYLE = Automatic;
				INFOPLIST_FILE = CollectionViewDemoApp/Info.plist;
				LD_RUNPATH_SEARCH_PATHS = (
					"$(inherited)",
					"@executable_path/Frameworks",
				);
				PRODUCT_BUNDLE_IDENTIFIER = com.julien.CollectionViewDemoApp;
				PRODUCT_NAME = "$(TARGET_NAME)";
				SWIFT_VERSION = 5.0;
				TARGETED_DEVICE_FAMILY = "1,2";
			};
			name = Debug;
		};
		F9D9498726DDFD120028A5D4 /* Release */ = {
			isa = XCBuildConfiguration;
			buildSettings = {
				ASSETCATALOG_COMPILER_APPICON_NAME = AppIcon;
				ASSETCATALOG_COMPILER_GLOBAL_ACCENT_COLOR_NAME = AccentColor;
				CODE_SIGN_STYLE = Automatic;
				INFOPLIST_FILE = CollectionViewDemoApp/Info.plist;
				LD_RUNPATH_SEARCH_PATHS = (
					"$(inherited)",
					"@executable_path/Frameworks",
				);
				PRODUCT_BUNDLE_IDENTIFIER = com.julien.CollectionViewDemoApp;
				PRODUCT_NAME = "$(TARGET_NAME)";
				SWIFT_VERSION = 5.0;
				TARGETED_DEVICE_FAMILY = "1,2";
			};
			name = Release;
		};
/* End XCBuildConfiguration section */

/* Begin XCConfigurationList section */
		F9D9496C26DDFD120028A5D4 /* Build configuration list for PBXProject "CollectionViewDemoApp" */ = {
			isa = XCConfigurationList;
			buildConfigurations = (
				F9D9498326DDFD120028A5D4 /* Debug */,
				F9D9498426DDFD120028A5D4 /* Release */,
			);
			defaultConfigurationIsVisible = 0;
			defaultConfigurationName = Release;
		};
		F9D9498526DDFD120028A5D4 /* Build configuration list for PBXNativeTarget "CollectionViewDemoApp" */ = {
			isa = XCConfigurationList;
			buildConfigurations = (
				F9D9498626DDFD120028A5D4 /* Debug */,
				F9D9498726DDFD120028A5D4 /* Release */,
			);
			defaultConfigurationIsVisible = 0;
			defaultConfigurationName = Release;
		};
/* End XCConfigurationList section */
	};
	rootObject = F9D9496926DDFD120028A5D4 /* Project object */;
}
